
Microsoft Visual Studio Solution File, Format Version 12.00
# Visual Studio Version 17
VisualStudioVersion = 17.0.31919.166
MinimumVisualStudioVersion = 10.0.40219.1
Project("{FAE04EC0-301F-11D3-BF4B-00C04F79EFBC}") = "PreTest", "PreTest.csproj", "{5BBB9B63-4308-4CCB-BBCE-73275A22BFA8}"
EndProject
Global
	GlobalSection(SolutionConfigurationPlatforms) = preSolution
		Debug|Any CPU = Debug|Any CPU
		Release|Any CPU = Release|Any CPU
	EndGlobalSection
	GlobalSection(ProjectConfigurationPlatforms) = postSolution
		{5BBB9B63-4308-4CCB-BBCE-73275A22BFA8}.Debug|Any CPU.ActiveCfg = Debug|Any CPU
		{5BBB9B63-4308-4CCB-BBCE-73275A22BFA8}.Debug|Any CPU.Build.0 = Debug|Any CPU
		{5BBB9B63-4308-4CCB-BBCE-73275A22BFA8}.Release|Any CPU.ActiveCfg = Release|Any CPU
		{5BBB9B63-4308-4CCB-BBCE-73275A22BFA8}.Release|Any CPU.Build.0 = Release|Any CPU
	EndGlobalSection
	GlobalSection(SolutionProperties) = preSolution
		HideSolutionNode = FALSE
	EndGlobalSection
	GlobalSection(ExtensibilityGlobals) = postSolution
		SolutionGuid = {469910FE-B125-4371-B80B-0C20D5ED2119}
	EndGlobalSection
EndGlobal
